
Microsoft Visual Studio Solution File, Format Version 12.00
# Visual Studio Version 16
VisualStudioVersion = 16.0.30621.155
MinimumVisualStudioVersion = 10.0.40219.1
Project("{9A19103F-16F7-4668-BE54-9A1E7A4F7556}") = "HkdfStandard", "HkdfStandard\HkdfStandard.csproj", "{EC5CA5F2-D3A6-4E39-91F5-9218063B0F8A}"
EndProject
Project("{FAE04EC0-301F-11D3-BF4B-00C04F79EFBC}") = "HkdfStandard.Test", "HkdfStandard.Test\HkdfStandard.Test.csproj", "{E1DA7042-5700-4881-8454-3509436C6865}"
EndProject
Global
	GlobalSection(SolutionConfigurationPlatforms) = preSolution
		Debug|Any CPU = Debug|Any CPU
		Release|Any CPU = Release|Any CPU
	EndGlobalSection
	GlobalSection(ProjectConfigurationPlatforms) = postSolution
		{EC5CA5F2-D3A6-4E39-91F5-9218063B0F8A}.Debug|Any CPU.ActiveCfg = Debug|Any CPU
		{EC5CA5F2-D3A6-4E39-91F5-9218063B0F8A}.Debug|Any CPU.Build.0 = Debug|Any CPU
		{EC5CA5F2-D3A6-4E39-91F5-9218063B0F8A}.Release|Any CPU.ActiveCfg = Release|Any CPU
		{EC5CA5F2-D3A6-4E39-91F5-9218063B0F8A}.Release|Any CPU.Build.0 = Release|Any CPU
		{E1DA7042-5700-4881-8454-3509436C6865}.Debug|Any CPU.ActiveCfg = Debug|Any CPU
		{E1DA7042-5700-4881-8454-3509436C6865}.Debug|Any CPU.Build.0 = Debug|Any CPU
		{E1DA7042-5700-4881-8454-3509436C6865}.Release|Any CPU.ActiveCfg = Release|Any CPU
		{E1DA7042-5700-4881-8454-3509436C6865}.Release|Any CPU.Build.0 = Release|Any CPU
	EndGlobalSection
	GlobalSection(SolutionProperties) = preSolution
		HideSolutionNode = FALSE
	EndGlobalSection
	GlobalSection(ExtensibilityGlobals) = postSolution
		SolutionGuid = {3216F9C4-5077-4421-BC48-D46821836386}
	EndGlobalSection
EndGlobal
